
Microsoft Visual Studio Solution File, Format Version 12.00
# Visual Studio Version 17
VisualStudioVersion = 17.6.33723.286
MinimumVisualStudioVersion = 10.0.40219.1
Project("{FAE04EC0-301F-11D3-BF4B-00C04F79EFBC}") = "26", "26\26.csproj", "{DC3A8517-2DF5-4480-9DA5-14A9DBC88964}"
EndProject
Global
	GlobalSection(SolutionConfigurationPlatforms) = preSolution
		Debug|Any CPU = Debug|Any CPU
		Release|Any CPU = Release|Any CPU
	EndGlobalSection
	GlobalSection(ProjectConfigurationPlatforms) = postSolution
		{DC3A8517-2DF5-4480-9DA5-14A9DBC88964}.Debug|Any CPU.ActiveCfg = Debug|Any CPU
		{DC3A8517-2DF5-4480-9DA5-14A9DBC88964}.Debug|Any CPU.Build.0 = Debug|Any CPU
		{DC3A8517-2DF5-4480-9DA5-14A9DBC88964}.Release|Any CPU.ActiveCfg = Release|Any CPU
		{DC3A8517-2DF5-4480-9DA5-14A9DBC88964}.Release|Any CPU.Build.0 = Release|Any CPU
	EndGlobalSection
	GlobalSection(SolutionProperties) = preSolution
		HideSolutionNode = FALSE
	EndGlobalSection
	GlobalSection(ExtensibilityGlobals) = postSolution
		SolutionGuid = {92FC502B-8CB1-46D0-B7F7-9C786DD94247}
	EndGlobalSection
EndGlobal
